
Microsoft Visual Studio Solution File, Format Version 12.00
# Visual Studio Version 16
VisualStudioVersion = 16.0.29324.140
MinimumVisualStudioVersion = 10.0.40219.1
Project("{FAE04EC0-301F-11D3-BF4B-00C04F79EFBC}") = "catAndDog", "catAndDog\catAndDog.csproj", "{69FB84BD-36B2-4A91-BE4E-CE285BABB183}"
EndProject
Project("{2150E333-8FDC-42A3-9474-1A3956D46DE8}") = "InputOutput", "InputOutput", "{5E9CE335-A3AD-4EB3-9A7E-796F73394787}"
EndProject
Project("{2150E333-8FDC-42A3-9474-1A3956D46DE8}") = "ifStatement", "ifStatement", "{3746D28E-8E13-42F8-952E-20AAA5035F99}"
EndProject
Project("{FAE04EC0-301F-11D3-BF4B-00C04F79EFBC}") = "alarm", "alarm\alarm.csproj", "{B3955CC0-7D7B-4A99-80EF-1281A044AB9C}"
EndProject
Project("{FAE04EC0-301F-11D3-BF4B-00C04F79EFBC}") = "compareNum", "compareNum\compareNum.csproj", "{B6839102-B2C9-479E-8BE9-B396BB5C8CB3}"
EndProject
Project("{FAE04EC0-301F-11D3-BF4B-00C04F79EFBC}") = "leapYear", "leapYear\leapYear.csproj", "{C202C306-FFCB-4375-8717-4AD40B0335C9}"
EndProject
Project("{FAE04EC0-301F-11D3-BF4B-00C04F79EFBC}") = "testScore", "testScore\testScore.csproj", "{508E9C7F-E3E5-438E-BA36-DF4294CD3BFE}"
EndProject
Project("{FAE04EC0-301F-11D3-BF4B-00C04F79EFBC}") = "threeNumCompare", "threeNumCompare\threeNumCompare.csproj", "{2DB3A74E-D390-4F6E-8C4B-2AD55831D630}"
EndProject
Project("{2150E333-8FDC-42A3-9474-1A3956D46DE8}") = "loop", "loop", "{2D7E4A3A-D4E1-4AC8-ADF6-EDBD0E5AD923}"
EndProject
Project("{FAE04EC0-301F-11D3-BF4B-00C04F79EFBC}") = "APlusBCase1", "APlusBCase1\APlusBCase1.csproj", "{04818EC6-52EB-4F1D-8FC7-086D554CFE37}"
EndProject
Project("{FAE04EC0-301F-11D3-BF4B-00C04F79EFBC}") = "asterisk", "asterisk\asterisk.csproj", "{CDF27124-6D2D-4463-B477-CD34139112E2}"
EndProject
Project("{FAE04EC0-301F-11D3-BF4B-00C04F79EFBC}") = "FastAPlusB", "FastAPlusB\FastAPlusB.csproj", "{23D6A44D-D0A8-4271-8960-F3EA5C5EE081}"
EndProject
Project("{FAE04EC0-301F-11D3-BF4B-00C04F79EFBC}") = "lessThanX", "lessThanX\lessThanX.csproj", "{24A82A3F-4A8F-48EF-AFD0-1D60BD4671B4}"
EndProject
Project("{FAE04EC0-301F-11D3-BF4B-00C04F79EFBC}") = "newNumCycle", "newNumCycle\newNumCycle.csproj", "{2755FFDD-1855-4F66-A47C-23B5611A06A0}"
EndProject
Project("{FAE04EC0-301F-11D3-BF4B-00C04F79EFBC}") = "Print1ToN", "Print1ToN\Print1ToN.csproj", "{03D4DC37-F8C0-40D7-BDB7-2613BFE66950}"
EndProject
Project("{FAE04EC0-301F-11D3-BF4B-00C04F79EFBC}") = "SumOf1toN", "SumOf1toN\SumOf1toN.csproj", "{A63A7A6E-D64B-4806-A211-FC1B0AB705A1}"
EndProject
Project("{2150E333-8FDC-42A3-9474-1A3956D46DE8}") = "Array", "Array", "{B5A8DB07-052E-4434-B8CD-CC5B2D61026D}"
EndProject
Project("{FAE04EC0-301F-11D3-BF4B-00C04F79EFBC}") = "minMax", "minMax\minMax.csproj", "{A1CE2E59-23B4-443B-8DAF-F04D7786235D}"
EndProject
Project("{FAE04EC0-301F-11D3-BF4B-00C04F79EFBC}") = "oxQuiz", "oxQuiz\oxQuiz.csproj", "{E14C0885-7CFE-43BD-A557-F4AAF7E02EDF}"
EndProject
Project("{FAE04EC0-301F-11D3-BF4B-00C04F79EFBC}") = "percentOfOverAvg", "percentOfOverAvg\percentOfOverAvg.csproj", "{D81C57C7-537C-42C6-9B5B-A01C559328BD}"
EndProject
Project("{FAE04EC0-301F-11D3-BF4B-00C04F79EFBC}") = "theNumOfModulus", "theNumOfModulus\theNumOfModulus.csproj", "{2E327FD0-11EF-41FE-AE98-6796B2DE8F52}"
EndProject
Project("{FAE04EC0-301F-11D3-BF4B-00C04F79EFBC}") = "max", "max\max.csproj", "{274541EC-57C0-4BFE-BCCC-22B152635AF6}"
EndProject
Project("{FAE04EC0-301F-11D3-BF4B-00C04F79EFBC}") = "manipulatingAVG", "manipulatingAVG\manipulatingAVG.csproj", "{1D21C1C7-79B6-4BCF-9F79-2F367A2EDB82}"
EndProject
Project("{FAE04EC0-301F-11D3-BF4B-00C04F79EFBC}") = "HowManyNumsUsed", "HowManyNumsUsed\HowManyNumsUsed.csproj", "{8A765841-DBAA-44E2-8CDC-7938C0AB606E}"
EndProject
Project("{FAE04EC0-301F-11D3-BF4B-00C04F79EFBC}") = "CMajor_Music", "CMajor_Music\CMajor_Music.csproj", "{F61C6E9D-2BB2-4DF3-A263-473B84BF877F}"
EndProject
Project("{2150E333-8FDC-42A3-9474-1A3956D46DE8}") = "Literal(ASCII)", "Literal(ASCII)", "{5C9C5541-A354-421C-A065-B8271AD524F3}"
EndProject
Project("{FAE04EC0-301F-11D3-BF4B-00C04F79EFBC}") = "SumOfNums", "SumOfNums\SumOfNums.csproj", "{8A127FB3-B8E7-487D-A138-C4361CE3C41D}"
EndProject
Project("{FAE04EC0-301F-11D3-BF4B-00C04F79EFBC}") = "frequencyOfAlphabet", "frequencyOfAlphabet\frequencyOfAlphabet.csproj", "{8ECFD4D1-85DD-496C-881A-1BB6D4F454AE}"
EndProject
Project("{FAE04EC0-301F-11D3-BF4B-00C04F79EFBC}") = "firstAdventOfAlphabet", "firstAdventOfAlphabet\firstAdventOfAlphabet.csproj", "{DC222EEE-00CF-49FD-BD4D-764CBEE70A8F}"
EndProject
Project("{FAE04EC0-301F-11D3-BF4B-00C04F79EFBC}") = "mostCommonAlphabet", "mostCommonAlphabet\mostCommonAlphabet.csproj", "{02DA3092-666A-450D-9D8D-54468091E131}"
EndProject
Project("{FAE04EC0-301F-11D3-BF4B-00C04F79EFBC}") = "repeatationOfLiteral", "repeatationOfLiteral\repeatationOfLiteral.csproj", "{D4FE5884-EB6B-4A36-AD3C-DF5AEDF0CBE8}"
EndProject
Project("{FAE04EC0-301F-11D3-BF4B-00C04F79EFBC}") = "numberOfWords", "numberOfWords\numberOfWords.csproj", "{511D682C-B55A-4917-BA01-80EA14347242}"
EndProject
Project("{FAE04EC0-301F-11D3-BF4B-00C04F79EFBC}") = "constant", "constant\constant.csproj", "{474484D4-A669-46CC-A6CA-02EACF44AE05}"
EndProject
Project("{FAE04EC0-301F-11D3-BF4B-00C04F79EFBC}") = "dial", "dial\dial.csproj", "{45C47180-EB7B-43F4-8E6E-5475EF1BD2B8}"
EndProject
Project("{FAE04EC0-301F-11D3-BF4B-00C04F79EFBC}") = "croatiaAlphabet", "croatiaAlphabet\croatiaAlphabet.csproj", "{1751CB80-8195-4D38-8F1A-5A70DDAE3A45}"
EndProject
Project("{FAE04EC0-301F-11D3-BF4B-00C04F79EFBC}") = "groupWordChecker", "groupWordChecker\groupWordChecker.csproj", "{2927D04E-643C-4965-9A9E-E1A93F92845F}"
EndProject
Global
	GlobalSection(SolutionConfigurationPlatforms) = preSolution
		Debug|Any CPU = Debug|Any CPU
		Release|Any CPU = Release|Any CPU
	EndGlobalSection
	GlobalSection(ProjectConfigurationPlatforms) = postSolution
		{69FB84BD-36B2-4A91-BE4E-CE285BABB183}.Debug|Any CPU.ActiveCfg = Debug|Any CPU
		{69FB84BD-36B2-4A91-BE4E-CE285BABB183}.Debug|Any CPU.Build.0 = Debug|Any CPU
		{69FB84BD-36B2-4A91-BE4E-CE285BABB183}.Release|Any CPU.ActiveCfg = Release|Any CPU
		{69FB84BD-36B2-4A91-BE4E-CE285BABB183}.Release|Any CPU.Build.0 = Release|Any CPU
		{B3955CC0-7D7B-4A99-80EF-1281A044AB9C}.Debug|Any CPU.ActiveCfg = Debug|Any CPU
		{B3955CC0-7D7B-4A99-80EF-1281A044AB9C}.Debug|Any CPU.Build.0 = Debug|Any CPU
		{B3955CC0-7D7B-4A99-80EF-1281A044AB9C}.Release|Any CPU.ActiveCfg = Release|Any CPU
		{B3955CC0-7D7B-4A99-80EF-1281A044AB9C}.Release|Any CPU.Build.0 = Release|Any CPU
		{B6839102-B2C9-479E-8BE9-B396BB5C8CB3}.Debug|Any CPU.ActiveCfg = Debug|Any CPU
		{B6839102-B2C9-479E-8BE9-B396BB5C8CB3}.Debug|Any CPU.Build.0 = Debug|Any CPU
		{B6839102-B2C9-479E-8BE9-B396BB5C8CB3}.Release|Any CPU.ActiveCfg = Release|Any CPU
		{B6839102-B2C9-479E-8BE9-B396BB5C8CB3}.Release|Any CPU.Build.0 = Release|Any CPU
		{C202C306-FFCB-4375-8717-4AD40B0335C9}.Debug|Any CPU.ActiveCfg = Debug|Any CPU
		{C202C306-FFCB-4375-8717-4AD40B0335C9}.Debug|Any CPU.Build.0 = Debug|Any CPU
		{C202C306-FFCB-4375-8717-4AD40B0335C9}.Release|Any CPU.ActiveCfg = Release|Any CPU
		{C202C306-FFCB-4375-8717-4AD40B0335C9}.Release|Any CPU.Build.0 = Release|Any CPU
		{508E9C7F-E3E5-438E-BA36-DF4294CD3BFE}.Debug|Any CPU.ActiveCfg = Debug|Any CPU
		{508E9C7F-E3E5-438E-BA36-DF4294CD3BFE}.Debug|Any CPU.Build.0 = Debug|Any CPU
		{508E9C7F-E3E5-438E-BA36-DF4294CD3BFE}.Release|Any CPU.ActiveCfg = Release|Any CPU
		{508E9C7F-E3E5-438E-BA36-DF4294CD3BFE}.Release|Any CPU.Build.0 = Release|Any CPU
		{2DB3A74E-D390-4F6E-8C4B-2AD55831D630}.Debug|Any CPU.ActiveCfg = Debug|Any CPU
		{2DB3A74E-D390-4F6E-8C4B-2AD55831D630}.Debug|Any CPU.Build.0 = Debug|Any CPU
		{2DB3A74E-D390-4F6E-8C4B-2AD55831D630}.Release|Any CPU.ActiveCfg = Release|Any CPU
		{2DB3A74E-D390-4F6E-8C4B-2AD55831D630}.Release|Any CPU.Build.0 = Release|Any CPU
		{04818EC6-52EB-4F1D-8FC7-086D554CFE37}.Debug|Any CPU.ActiveCfg = Debug|Any CPU
		{04818EC6-52EB-4F1D-8FC7-086D554CFE37}.Debug|Any CPU.Build.0 = Debug|Any CPU
		{04818EC6-52EB-4F1D-8FC7-086D554CFE37}.Release|Any CPU.ActiveCfg = Release|Any CPU
		{04818EC6-52EB-4F1D-8FC7-086D554CFE37}.Release|Any CPU.Build.0 = Release|Any CPU
		{CDF27124-6D2D-4463-B477-CD34139112E2}.Debug|Any CPU.ActiveCfg = Debug|Any CPU
		{CDF27124-6D2D-4463-B477-CD34139112E2}.Debug|Any CPU.Build.0 = Debug|Any CPU
		{CDF27124-6D2D-4463-B477-CD34139112E2}.Release|Any CPU.ActiveCfg = Release|Any CPU
		{CDF27124-6D2D-4463-B477-CD34139112E2}.Release|Any CPU.Build.0 = Release|Any CPU
		{23D6A44D-D0A8-4271-8960-F3EA5C5EE081}.Debug|Any CPU.ActiveCfg = Debug|Any CPU
		{23D6A44D-D0A8-4271-8960-F3EA5C5EE081}.Debug|Any CPU.Build.0 = Debug|Any CPU
		{23D6A44D-D0A8-4271-8960-F3EA5C5EE081}.Release|Any CPU.ActiveCfg = Release|Any CPU
		{23D6A44D-D0A8-4271-8960-F3EA5C5EE081}.Release|Any CPU.Build.0 = Release|Any CPU
		{24A82A3F-4A8F-48EF-AFD0-1D60BD4671B4}.Debug|Any CPU.ActiveCfg = Debug|Any CPU
		{24A82A3F-4A8F-48EF-AFD0-1D60BD4671B4}.Debug|Any CPU.Build.0 = Debug|Any CPU
		{24A82A3F-4A8F-48EF-AFD0-1D60BD4671B4}.Release|Any CPU.ActiveCfg = Release|Any CPU
		{24A82A3F-4A8F-48EF-AFD0-1D60BD4671B4}.Release|Any CPU.Build.0 = Release|Any CPU
		{2755FFDD-1855-4F66-A47C-23B5611A06A0}.Debug|Any CPU.ActiveCfg = Debug|Any CPU
		{2755FFDD-1855-4F66-A47C-23B5611A06A0}.Debug|Any CPU.Build.0 = Debug|Any CPU
		{2755FFDD-1855-4F66-A47C-23B5611A06A0}.Release|Any CPU.ActiveCfg = Release|Any CPU
		{2755FFDD-1855-4F66-A47C-23B5611A06A0}.Release|Any CPU.Build.0 = Release|Any CPU
		{03D4DC37-F8C0-40D7-BDB7-2613BFE66950}.Debug|Any CPU.ActiveCfg = Debug|Any CPU
		{03D4DC37-F8C0-40D7-BDB7-2613BFE66950}.Debug|Any CPU.Build.0 = Debug|Any CPU
		{03D4DC37-F8C0-40D7-BDB7-2613BFE66950}.Release|Any CPU.ActiveCfg = Release|Any CPU
		{03D4DC37-F8C0-40D7-BDB7-2613BFE66950}.Release|Any CPU.Build.0 = Release|Any CPU
		{A63A7A6E-D64B-4806-A211-FC1B0AB705A1}.Debug|Any CPU.ActiveCfg = Debug|Any CPU
		{A63A7A6E-D64B-4806-A211-FC1B0AB705A1}.Debug|Any CPU.Build.0 = Debug|Any CPU
		{A63A7A6E-D64B-4806-A211-FC1B0AB705A1}.Release|Any CPU.ActiveCfg = Release|Any CPU
		{A63A7A6E-D64B-4806-A211-FC1B0AB705A1}.Release|Any CPU.Build.0 = Release|Any CPU
		{A1CE2E59-23B4-443B-8DAF-F04D7786235D}.Debug|Any CPU.ActiveCfg = Debug|Any CPU
		{A1CE2E59-23B4-443B-8DAF-F04D7786235D}.Debug|Any CPU.Build.0 = Debug|Any CPU
		{A1CE2E59-23B4-443B-8DAF-F04D7786235D}.Release|Any CPU.ActiveCfg = Release|Any CPU
		{A1CE2E59-23B4-443B-8DAF-F04D7786235D}.Release|Any CPU.Build.0 = Release|Any CPU
		{E14C0885-7CFE-43BD-A557-F4AAF7E02EDF}.Debug|Any CPU.ActiveCfg = Debug|Any CPU
		{E14C0885-7CFE-43BD-A557-F4AAF7E02EDF}.Debug|Any CPU.Build.0 = Debug|Any CPU
		{E14C0885-7CFE-43BD-A557-F4AAF7E02EDF}.Release|Any CPU.ActiveCfg = Release|Any CPU
		{E14C0885-7CFE-43BD-A557-F4AAF7E02EDF}.Release|Any CPU.Build.0 = Release|Any CPU
		{D81C57C7-537C-42C6-9B5B-A01C559328BD}.Debug|Any CPU.ActiveCfg = Debug|Any CPU
		{D81C57C7-537C-42C6-9B5B-A01C559328BD}.Debug|Any CPU.Build.0 = Debug|Any CPU
		{D81C57C7-537C-42C6-9B5B-A01C559328BD}.Release|Any CPU.ActiveCfg = Release|Any CPU
		{D81C57C7-537C-42C6-9B5B-A01C559328BD}.Release|Any CPU.Build.0 = Release|Any CPU
		{2E327FD0-11EF-41FE-AE98-6796B2DE8F52}.Debug|Any CPU.ActiveCfg = Debug|Any CPU
		{2E327FD0-11EF-41FE-AE98-6796B2DE8F52}.Debug|Any CPU.Build.0 = Debug|Any CPU
		{2E327FD0-11EF-41FE-AE98-6796B2DE8F52}.Release|Any CPU.ActiveCfg = Release|Any CPU
		{2E327FD0-11EF-41FE-AE98-6796B2DE8F52}.Release|Any CPU.Build.0 = Release|Any CPU
		{274541EC-57C0-4BFE-BCCC-22B152635AF6}.Debug|Any CPU.ActiveCfg = Debug|Any CPU
		{274541EC-57C0-4BFE-BCCC-22B152635AF6}.Debug|Any CPU.Build.0 = Debug|Any CPU
		{274541EC-57C0-4BFE-BCCC-22B152635AF6}.Release|Any CPU.ActiveCfg = Release|Any CPU
		{274541EC-57C0-4BFE-BCCC-22B152635AF6}.Release|Any CPU.Build.0 = Release|Any CPU
		{1D21C1C7-79B6-4BCF-9F79-2F367A2EDB82}.Debug|Any CPU.ActiveCfg = Debug|Any CPU
		{1D21C1C7-79B6-4BCF-9F79-2F367A2EDB82}.Debug|Any CPU.Build.0 = Debug|Any CPU
		{1D21C1C7-79B6-4BCF-9F79-2F367A2EDB82}.Release|Any CPU.ActiveCfg = Release|Any CPU
		{1D21C1C7-79B6-4BCF-9F79-2F367A2EDB82}.Release|Any CPU.Build.0 = Release|Any CPU
		{8A765841-DBAA-44E2-8CDC-7938C0AB606E}.Debug|Any CPU.ActiveCfg = Debug|Any CPU
		{8A765841-DBAA-44E2-8CDC-7938C0AB606E}.Debug|Any CPU.Build.0 = Debug|Any CPU
		{8A765841-DBAA-44E2-8CDC-7938C0AB606E}.Release|Any CPU.ActiveCfg = Release|Any CPU
		{8A765841-DBAA-44E2-8CDC-7938C0AB606E}.Release|Any CPU.Build.0 = Release|Any CPU
		{F61C6E9D-2BB2-4DF3-A263-473B84BF877F}.Debug|Any CPU.ActiveCfg = Debug|Any CPU
		{F61C6E9D-2BB2-4DF3-A263-473B84BF877F}.Debug|Any CPU.Build.0 = Debug|Any CPU
		{F61C6E9D-2BB2-4DF3-A263-473B84BF877F}.Release|Any CPU.ActiveCfg = Release|Any CPU
		{F61C6E9D-2BB2-4DF3-A263-473B84BF877F}.Release|Any CPU.Build.0 = Release|Any CPU
		{8A127FB3-B8E7-487D-A138-C4361CE3C41D}.Debug|Any CPU.ActiveCfg = Debug|Any CPU
		{8A127FB3-B8E7-487D-A138-C4361CE3C41D}.Debug|Any CPU.Build.0 = Debug|Any CPU
		{8A127FB3-B8E7-487D-A138-C4361CE3C41D}.Release|Any CPU.ActiveCfg = Release|Any CPU
		{8A127FB3-B8E7-487D-A138-C4361CE3C41D}.Release|Any CPU.Build.0 = Release|Any CPU
		{8ECFD4D1-85DD-496C-881A-1BB6D4F454AE}.Debug|Any CPU.ActiveCfg = Debug|Any CPU
		{8ECFD4D1-85DD-496C-881A-1BB6D4F454AE}.Debug|Any CPU.Build.0 = Debug|Any CPU
		{8ECFD4D1-85DD-496C-881A-1BB6D4F454AE}.Release|Any CPU.ActiveCfg = Release|Any CPU
		{8ECFD4D1-85DD-496C-881A-1BB6D4F454AE}.Release|Any CPU.Build.0 = Release|Any CPU
		{DC222EEE-00CF-49FD-BD4D-764CBEE70A8F}.Debug|Any CPU.ActiveCfg = Debug|Any CPU
		{DC222EEE-00CF-49FD-BD4D-764CBEE70A8F}.Debug|Any CPU.Build.0 = Debug|Any CPU
		{DC222EEE-00CF-49FD-BD4D-764CBEE70A8F}.Release|Any CPU.ActiveCfg = Release|Any CPU
		{DC222EEE-00CF-49FD-BD4D-764CBEE70A8F}.Release|Any CPU.Build.0 = Release|Any CPU
		{02DA3092-666A-450D-9D8D-54468091E131}.Debug|Any CPU.ActiveCfg = Debug|Any CPU
		{02DA3092-666A-450D-9D8D-54468091E131}.Debug|Any CPU.Build.0 = Debug|Any CPU
		{02DA3092-666A-450D-9D8D-54468091E131}.Release|Any CPU.ActiveCfg = Release|Any CPU
		{02DA3092-666A-450D-9D8D-54468091E131}.Release|Any CPU.Build.0 = Release|Any CPU
		{D4FE5884-EB6B-4A36-AD3C-DF5AEDF0CBE8}.Debug|Any CPU.ActiveCfg = Debug|Any CPU
		{D4FE5884-EB6B-4A36-AD3C-DF5AEDF0CBE8}.Debug|Any CPU.Build.0 = Debug|Any CPU
		{D4FE5884-EB6B-4A36-AD3C-DF5AEDF0CBE8}.Release|Any CPU.ActiveCfg = Release|Any CPU
		{D4FE5884-EB6B-4A36-AD3C-DF5AEDF0CBE8}.Release|Any CPU.Build.0 = Release|Any CPU
		{511D682C-B55A-4917-BA01-80EA14347242}.Debug|Any CPU.ActiveCfg = Debug|Any CPU
		{511D682C-B55A-4917-BA01-80EA14347242}.Debug|Any CPU.Build.0 = Debug|Any CPU
		{511D682C-B55A-4917-BA01-80EA14347242}.Release|Any CPU.ActiveCfg = Release|Any CPU
		{511D682C-B55A-4917-BA01-80EA14347242}.Release|Any CPU.Build.0 = Release|Any CPU
		{474484D4-A669-46CC-A6CA-02EACF44AE05}.Debug|Any CPU.ActiveCfg = Debug|Any CPU
		{474484D4-A669-46CC-A6CA-02EACF44AE05}.Debug|Any CPU.Build.0 = Debug|Any CPU
		{474484D4-A669-46CC-A6CA-02EACF44AE05}.Release|Any CPU.ActiveCfg = Release|Any CPU
		{474484D4-A669-46CC-A6CA-02EACF44AE05}.Release|Any CPU.Build.0 = Release|Any CPU
		{45C47180-EB7B-43F4-8E6E-5475EF1BD2B8}.Debug|Any CPU.ActiveCfg = Debug|Any CPU
		{45C47180-EB7B-43F4-8E6E-5475EF1BD2B8}.Debug|Any CPU.Build.0 = Debug|Any CPU
		{45C47180-EB7B-43F4-8E6E-5475EF1BD2B8}.Release|Any CPU.ActiveCfg = Release|Any CPU
		{45C47180-EB7B-43F4-8E6E-5475EF1BD2B8}.Release|Any CPU.Build.0 = Release|Any CPU
		{1751CB80-8195-4D38-8F1A-5A70DDAE3A45}.Debug|Any CPU.ActiveCfg = Debug|Any CPU
		{1751CB80-8195-4D38-8F1A-5A70DDAE3A45}.Debug|Any CPU.Build.0 = Debug|Any CPU
		{1751CB80-8195-4D38-8F1A-5A70DDAE3A45}.Release|Any CPU.ActiveCfg = Release|Any CPU
		{1751CB80-8195-4D38-8F1A-5A70DDAE3A45}.Release|Any CPU.Build.0 = Release|Any CPU
		{2927D04E-643C-4965-9A9E-E1A93F92845F}.Debug|Any CPU.ActiveCfg = Debug|Any CPU
		{2927D04E-643C-4965-9A9E-E1A93F92845F}.Debug|Any CPU.Build.0 = Debug|Any CPU
		{2927D04E-643C-4965-9A9E-E1A93F92845F}.Release|Any CPU.ActiveCfg = Release|Any CPU
		{2927D04E-643C-4965-9A9E-E1A93F92845F}.Release|Any CPU.Build.0 = Release|Any CPU
	EndGlobalSection
	GlobalSection(SolutionProperties) = preSolution
		HideSolutionNode = FALSE
	EndGlobalSection
	GlobalSection(NestedProjects) = preSolution
		{69FB84BD-36B2-4A91-BE4E-CE285BABB183} = {5E9CE335-A3AD-4EB3-9A7E-796F73394787}
		{B3955CC0-7D7B-4A99-80EF-1281A044AB9C} = {3746D28E-8E13-42F8-952E-20AAA5035F99}
		{B6839102-B2C9-479E-8BE9-B396BB5C8CB3} = {3746D28E-8E13-42F8-952E-20AAA5035F99}
		{C202C306-FFCB-4375-8717-4AD40B0335C9} = {3746D28E-8E13-42F8-952E-20AAA5035F99}
		{508E9C7F-E3E5-438E-BA36-DF4294CD3BFE} = {3746D28E-8E13-42F8-952E-20AAA5035F99}
		{2DB3A74E-D390-4F6E-8C4B-2AD55831D630} = {3746D28E-8E13-42F8-952E-20AAA5035F99}
		{04818EC6-52EB-4F1D-8FC7-086D554CFE37} = {2D7E4A3A-D4E1-4AC8-ADF6-EDBD0E5AD923}
		{CDF27124-6D2D-4463-B477-CD34139112E2} = {2D7E4A3A-D4E1-4AC8-ADF6-EDBD0E5AD923}
		{23D6A44D-D0A8-4271-8960-F3EA5C5EE081} = {2D7E4A3A-D4E1-4AC8-ADF6-EDBD0E5AD923}
		{24A82A3F-4A8F-48EF-AFD0-1D60BD4671B4} = {2D7E4A3A-D4E1-4AC8-ADF6-EDBD0E5AD923}
		{2755FFDD-1855-4F66-A47C-23B5611A06A0} = {2D7E4A3A-D4E1-4AC8-ADF6-EDBD0E5AD923}
		{03D4DC37-F8C0-40D7-BDB7-2613BFE66950} = {2D7E4A3A-D4E1-4AC8-ADF6-EDBD0E5AD923}
		{A63A7A6E-D64B-4806-A211-FC1B0AB705A1} = {2D7E4A3A-D4E1-4AC8-ADF6-EDBD0E5AD923}
		{A1CE2E59-23B4-443B-8DAF-F04D7786235D} = {B5A8DB07-052E-4434-B8CD-CC5B2D61026D}
		{E14C0885-7CFE-43BD-A557-F4AAF7E02EDF} = {B5A8DB07-052E-4434-B8CD-CC5B2D61026D}
		{D81C57C7-537C-42C6-9B5B-A01C559328BD} = {B5A8DB07-052E-4434-B8CD-CC5B2D61026D}
		{2E327FD0-11EF-41FE-AE98-6796B2DE8F52} = {B5A8DB07-052E-4434-B8CD-CC5B2D61026D}
		{274541EC-57C0-4BFE-BCCC-22B152635AF6} = {B5A8DB07-052E-4434-B8CD-CC5B2D61026D}
		{1D21C1C7-79B6-4BCF-9F79-2F367A2EDB82} = {B5A8DB07-052E-4434-B8CD-CC5B2D61026D}
		{8A765841-DBAA-44E2-8CDC-7938C0AB606E} = {B5A8DB07-052E-4434-B8CD-CC5B2D61026D}
		{F61C6E9D-2BB2-4DF3-A263-473B84BF877F} = {B5A8DB07-052E-4434-B8CD-CC5B2D61026D}
		{8A127FB3-B8E7-487D-A138-C4361CE3C41D} = {5C9C5541-A354-421C-A065-B8271AD524F3}
		{8ECFD4D1-85DD-496C-881A-1BB6D4F454AE} = {5C9C5541-A354-421C-A065-B8271AD524F3}
		{DC222EEE-00CF-49FD-BD4D-764CBEE70A8F} = {5C9C5541-A354-421C-A065-B8271AD524F3}
		{02DA3092-666A-450D-9D8D-54468091E131} = {5C9C5541-A354-421C-A065-B8271AD524F3}
		{D4FE5884-EB6B-4A36-AD3C-DF5AEDF0CBE8} = {5C9C5541-A354-421C-A065-B8271AD524F3}
		{511D682C-B55A-4917-BA01-80EA14347242} = {5C9C5541-A354-421C-A065-B8271AD524F3}
		{474484D4-A669-46CC-A6CA-02EACF44AE05} = {5C9C5541-A354-421C-A065-B8271AD524F3}
		{45C47180-EB7B-43F4-8E6E-5475EF1BD2B8} = {5C9C5541-A354-421C-A065-B8271AD524F3}
		{1751CB80-8195-4D38-8F1A-5A70DDAE3A45} = {5C9C5541-A354-421C-A065-B8271AD524F3}
		{2927D04E-643C-4965-9A9E-E1A93F92845F} = {5C9C5541-A354-421C-A065-B8271AD524F3}
	EndGlobalSection
	GlobalSection(ExtensibilityGlobals) = postSolution
		SolutionGuid = {1A95D348-20BB-49D0-924F-D00C7BFE7F7D}
	EndGlobalSection
EndGlobal
